// !$*UTF8*$!
{
	archiveVersion = 1;
	classes = {
	};
	objectVersion = 55;
	objects = {

/* Begin PBXBuildFile section */
		042C4B3928EE854E0039021A /* GPSMapView.swift in Sources */ = {isa = PBXBuildFile; fileRef = 042C4B3828EE854E0039021A /* GPSMapView.swift */; };
		0438115B28D8249A00D0348A /* PickerUsage.swift in Sources */ = {isa = PBXBuildFile; fileRef = 0438115A28D8249A00D0348A /* PickerUsage.swift */; };
		0439569D28A163E9009E1984 /* TILApp.swift in Sources */ = {isa = PBXBuildFile; fileRef = 0439569C28A163E9009E1984 /* TILApp.swift */; };
		0439569F28A163E9009E1984 /* ContentView.swift in Sources */ = {isa = PBXBuildFile; fileRef = 0439569E28A163E9009E1984 /* ContentView.swift */; };
		043956A128A163EB009E1984 /* Assets.xcassets in Resources */ = {isa = PBXBuildFile; fileRef = 043956A028A163EB009E1984 /* Assets.xcassets */; };
		043956A428A163EB009E1984 /* Preview Assets.xcassets in Resources */ = {isa = PBXBuildFile; fileRef = 043956A328A163EB009E1984 /* Preview Assets.xcassets */; };
		043956B128A16D44009E1984 /* RichTextView in Frameworks */ = {isa = PBXBuildFile; productRef = 043956B028A16D44009E1984 /* RichTextView */; };
		043956B328A16D6C009E1984 /* LatexView.swift in Sources */ = {isa = PBXBuildFile; fileRef = 043956B228A16D6C009E1984 /* LatexView.swift */; };
		0456D5D328DD43C900235408 /* SessionUsage.swift in Sources */ = {isa = PBXBuildFile; fileRef = 0456D5D228DD43C900235408 /* SessionUsage.swift */; };
		0456D5D528DD43D400235408 /* ThreadUsage.swift in Sources */ = {isa = PBXBuildFile; fileRef = 0456D5D428DD43D400235408 /* ThreadUsage.swift */; };
		04C19AF028EC1F8500E884CC /* GPSView.swift in Sources */ = {isa = PBXBuildFile; fileRef = 04C19AEF28EC1F8500E884CC /* GPSView.swift */; };
		04C19AF228EC1F9000E884CC /* GPSUsage.swift in Sources */ = {isa = PBXBuildFile; fileRef = 04C19AF128EC1F9000E884CC /* GPSUsage.swift */; };
/* End PBXBuildFile section */

/* Begin PBXFileReference section */
		042C4B3828EE854E0039021A /* GPSMapView.swift */ = {isa = PBXFileReference; lastKnownFileType = sourcecode.swift; path = GPSMapView.swift; sourceTree = "<group>"; };
		0438115A28D8249A00D0348A /* PickerUsage.swift */ = {isa = PBXFileReference; lastKnownFileType = sourcecode.swift; path = PickerUsage.swift; sourceTree = "<group>"; };
		0439569928A163E9009E1984 /* TIL.app */ = {isa = PBXFileReference; explicitFileType = wrapper.application; includeInIndex = 0; path = TIL.app; sourceTree = BUILT_PRODUCTS_DIR; };
		0439569C28A163E9009E1984 /* TILApp.swift */ = {isa = PBXFileReference; lastKnownFileType = sourcecode.swift; path = TILApp.swift; sourceTree = "<group>"; };
		0439569E28A163E9009E1984 /* ContentView.swift */ = {isa = PBXFileReference; lastKnownFileType = sourcecode.swift; path = ContentView.swift; sourceTree = "<group>"; };
		043956A028A163EB009E1984 /* Assets.xcassets */ = {isa = PBXFileReference; lastKnownFileType = folder.assetcatalog; path = Assets.xcassets; sourceTree = "<group>"; };
		043956A328A163EB009E1984 /* Preview Assets.xcassets */ = {isa = PBXFileReference; lastKnownFileType = folder.assetcatalog; path = "Preview Assets.xcassets"; sourceTree = "<group>"; };
		043956B228A16D6C009E1984 /* LatexView.swift */ = {isa = PBXFileReference; lastKnownFileType = sourcecode.swift; path = LatexView.swift; sourceTree = "<group>"; };
		0456D5D228DD43C900235408 /* SessionUsage.swift */ = {isa = PBXFileReference; lastKnownFileType = sourcecode.swift; path = SessionUsage.swift; sourceTree = "<group>"; };
		0456D5D428DD43D400235408 /* ThreadUsage.swift */ = {isa = PBXFileReference; lastKnownFileType = sourcecode.swift; path = ThreadUsage.swift; sourceTree = "<group>"; };
		04C19AEF28EC1F8500E884CC /* GPSView.swift */ = {isa = PBXFileReference; lastKnownFileType = sourcecode.swift; path = GPSView.swift; sourceTree = "<group>"; };
		04C19AF128EC1F9000E884CC /* GPSUsage.swift */ = {isa = PBXFileReference; lastKnownFileType = sourcecode.swift; path = GPSUsage.swift; sourceTree = "<group>"; };
		04C19AF328EC22A900E884CC /* Info.plist */ = {isa = PBXFileReference; lastKnownFileType = text.plist; path = Info.plist; sourceTree = "<group>"; };
/* End PBXFileReference section */

/* Begin PBXFrameworksBuildPhase section */
		0439569628A163E9009E1984 /* Frameworks */ = {
			isa = PBXFrameworksBuildPhase;
			buildActionMask = 2147483647;
			files = (
				043956B128A16D44009E1984 /* RichTextView in Frameworks */,
			);
			runOnlyForDeploymentPostprocessing = 0;
		};
/* End PBXFrameworksBuildPhase section */

/* Begin PBXGroup section */
		0438115928D8247600D0348A /* SimpleUsage_View */ = {
			isa = PBXGroup;
			children = (
				0438115A28D8249A00D0348A /* PickerUsage.swift */,
			);
			path = SimpleUsage_View;
			sourceTree = "<group>";
		};
		0439569028A163E9009E1984 = {
			isa = PBXGroup;
			children = (
				0439569B28A163E9009E1984 /* TIL */,
				0439569A28A163E9009E1984 /* Products */,
			);
			sourceTree = "<group>";
		};
		0439569A28A163E9009E1984 /* Products */ = {
			isa = PBXGroup;
			children = (
				0439569928A163E9009E1984 /* TIL.app */,
			);
			name = Products;
			sourceTree = "<group>";
		};
		0439569B28A163E9009E1984 /* TIL */ = {
			isa = PBXGroup;
			children = (
				04C19AF328EC22A900E884CC /* Info.plist */,
				04C19AEE28EC1F6E00E884CC /* GPS */,
				0456D5D128DD43B300235408 /* Networking */,
				0456D5CE28DD439100235408 /* Basic */,
				0438115928D8247600D0348A /* SimpleUsage_View */,
				043956AA28A16499009E1984 /* References */,
				043956B428A16D77009E1984 /* Testing */,
				0439569C28A163E9009E1984 /* TILApp.swift */,
				0439569E28A163E9009E1984 /* ContentView.swift */,
				043956A028A163EB009E1984 /* Assets.xcassets */,
				043956A228A163EB009E1984 /* Preview Content */,
			);
			path = TIL;
			sourceTree = "<group>";
		};
		043956A228A163EB009E1984 /* Preview Content */ = {
			isa = PBXGroup;
			children = (
				043956A328A163EB009E1984 /* Preview Assets.xcassets */,
			);
			path = "Preview Content";
			sourceTree = "<group>";
		};
		043956AA28A16499009E1984 /* References */ = {
			isa = PBXGroup;
			children = (
			);
			path = References;
			sourceTree = "<group>";
		};
		043956B428A16D77009E1984 /* Testing */ = {
			isa = PBXGroup;
			children = (
				043956B228A16D6C009E1984 /* LatexView.swift */,
			);
			path = Testing;
			sourceTree = "<group>";
		};
		0456D5CE28DD439100235408 /* Basic */ = {
			isa = PBXGroup;
			children = (
				0456D5D428DD43D400235408 /* ThreadUsage.swift */,
			);
			path = Basic;
			sourceTree = "<group>";
		};
		0456D5D128DD43B300235408 /* Networking */ = {
			isa = PBXGroup;
			children = (
				0456D5D228DD43C900235408 /* SessionUsage.swift */,
			);
			path = Networking;
			sourceTree = "<group>";
		};
		04C19AEE28EC1F6E00E884CC /* GPS */ = {
			isa = PBXGroup;
			children = (
				04C19AEF28EC1F8500E884CC /* GPSView.swift */,
				04C19AF128EC1F9000E884CC /* GPSUsage.swift */,
				042C4B3828EE854E0039021A /* GPSMapView.swift */,
			);
			path = GPS;
			sourceTree = "<group>";
		};
/* End PBXGroup section */

/* Begin PBXNativeTarget section */
		0439569828A163E9009E1984 /* TIL */ = {
			isa = PBXNativeTarget;
			buildConfigurationList = 043956A728A163EB009E1984 /* Build configuration list for PBXNativeTarget "TIL" */;
			buildPhases = (
				0439569528A163E9009E1984 /* Sources */,
				0439569628A163E9009E1984 /* Frameworks */,
				0439569728A163E9009E1984 /* Resources */,
			);
			buildRules = (
			);
			dependencies = (
			);
			name = TIL;
			packageProductDependencies = (
				043956B028A16D44009E1984 /* RichTextView */,
			);
			productName = TIL;
			productReference = 0439569928A163E9009E1984 /* TIL.app */;
			productType = "com.apple.product-type.application";
		};
/* End PBXNativeTarget section */

/* Begin PBXProject section */
		0439569128A163E9009E1984 /* Project object */ = {
			isa = PBXProject;
			attributes = {
				BuildIndependentTargetsInParallel = 1;
				LastSwiftUpdateCheck = 1330;
				LastUpgradeCheck = 1330;
				TargetAttributes = {
					0439569828A163E9009E1984 = {
						CreatedOnToolsVersion = 13.3.1;
					};
				};
			};
			buildConfigurationList = 0439569428A163E9009E1984 /* Build configuration list for PBXProject "TIL" */;
			compatibilityVersion = "Xcode 13.0";
			developmentRegion = en;
			hasScannedForEncodings = 0;
			knownRegions = (
				en,
				Base,
			);
			mainGroup = 0439569028A163E9009E1984;
			packageReferences = (
				043956AF28A16D44009E1984 /* XCRemoteSwiftPackageReference "RichTextView" */,
			);
			productRefGroup = 0439569A28A163E9009E1984 /* Products */;
			projectDirPath = "";
			projectRoot = "";
			targets = (
				0439569828A163E9009E1984 /* TIL */,
			);
		};
/* End PBXProject section */

/* Begin PBXResourcesBuildPhase section */
		0439569728A163E9009E1984 /* Resources */ = {
			isa = PBXResourcesBuildPhase;
			buildActionMask = 2147483647;
			files = (
				043956A428A163EB009E1984 /* Preview Assets.xcassets in Resources */,
				043956A128A163EB009E1984 /* Assets.xcassets in Resources */,
			);
			runOnlyForDeploymentPostprocessing = 0;
		};
/* End PBXResourcesBuildPhase section */

/* Begin PBXSourcesBuildPhase section */
		0439569528A163E9009E1984 /* Sources */ = {
			isa = PBXSourcesBuildPhase;
			buildActionMask = 2147483647;
			files = (
				04C19AF228EC1F9000E884CC /* GPSUsage.swift in Sources */,
				043956B328A16D6C009E1984 /* LatexView.swift in Sources */,
				0456D5D528DD43D400235408 /* ThreadUsage.swift in Sources */,
				04C19AF028EC1F8500E884CC /* GPSView.swift in Sources */,
				0456D5D328DD43C900235408 /* SessionUsage.swift in Sources */,
				0439569F28A163E9009E1984 /* ContentView.swift in Sources */,
				042C4B3928EE854E0039021A /* GPSMapView.swift in Sources */,
				0439569D28A163E9009E1984 /* TILApp.swift in Sources */,
				0438115B28D8249A00D0348A /* PickerUsage.swift in Sources */,
			);
			runOnlyForDeploymentPostprocessing = 0;
		};
/* End PBXSourcesBuildPhase section */

/* Begin XCBuildConfiguration section */
		043956A528A163EB009E1984 /* Debug */ = {
			isa = XCBuildConfiguration;
			buildSettings = {
				ALWAYS_SEARCH_USER_PATHS = NO;
				CLANG_ANALYZER_NONNULL = YES;
				CLANG_ANALYZER_NUMBER_OBJECT_CONVERSION = YES_AGGRESSIVE;
				CLANG_CXX_LANGUAGE_STANDARD = "gnu++17";
				CLANG_ENABLE_MODULES = YES;
				CLANG_ENABLE_OBJC_ARC = YES;
				CLANG_ENABLE_OBJC_WEAK = YES;
				CLANG_WARN_BLOCK_CAPTURE_AUTORELEASING = YES;
				CLANG_WARN_BOOL_CONVERSION = YES;
				CLANG_WARN_COMMA = YES;
				CLANG_WARN_CONSTANT_CONVERSION = YES;
				CLANG_WARN_DEPRECATED_OBJC_IMPLEMENTATIONS = YES;
				CLANG_WARN_DIRECT_OBJC_ISA_USAGE = YES_ERROR;
				CLANG_WARN_DOCUMENTATION_COMMENTS = YES;
				CLANG_WARN_EMPTY_BODY = YES;
				CLANG_WARN_ENUM_CONVERSION = YES;
				CLANG_WARN_INFINITE_RECURSION = YES;
				CLANG_WARN_INT_CONVERSION = YES;
				CLANG_WARN_NON_LITERAL_NULL_CONVERSION = YES;
				CLANG_WARN_OBJC_IMPLICIT_RETAIN_SELF = YES;
				CLANG_WARN_OBJC_LITERAL_CONVERSION = YES;
				CLANG_WARN_OBJC_ROOT_CLASS = YES_ERROR;
				CLANG_WARN_QUOTED_INCLUDE_IN_FRAMEWORK_HEADER = YES;
				CLANG_WARN_RANGE_LOOP_ANALYSIS = YES;
				CLANG_WARN_STRICT_PROTOTYPES = YES;
				CLANG_WARN_SUSPICIOUS_MOVE = YES;
				CLANG_WARN_UNGUARDED_AVAILABILITY = YES_AGGRESSIVE;
				CLANG_WARN_UNREACHABLE_CODE = YES;
				CLANG_WARN__DUPLICATE_METHOD_MATCH = YES;
				COPY_PHASE_STRIP = NO;
				DEBUG_INFORMATION_FORMAT = dwarf;
				ENABLE_STRICT_OBJC_MSGSEND = YES;
				ENABLE_TESTABILITY = YES;
				GCC_C_LANGUAGE_STANDARD = gnu11;
				GCC_DYNAMIC_NO_PIC = NO;
				GCC_NO_COMMON_BLOCKS = YES;
				GCC_OPTIMIZATION_LEVEL = 0;
				GCC_PREPROCESSOR_DEFINITIONS = (
					"DEBUG=1",
					"$(inherited)",
				);
				GCC_WARN_64_TO_32_BIT_CONVERSION = YES;
				GCC_WARN_ABOUT_RETURN_TYPE = YES_ERROR;
				GCC_WARN_UNDECLARED_SELECTOR = YES;
				GCC_WARN_UNINITIALIZED_AUTOS = YES_AGGRESSIVE;
				GCC_WARN_UNUSED_FUNCTION = YES;
				GCC_WARN_UNUSED_VARIABLE = YES;
				IPHONEOS_DEPLOYMENT_TARGET = 15.4;
				MTL_ENABLE_DEBUG_INFO = INCLUDE_SOURCE;
				MTL_FAST_MATH = YES;
				ONLY_ACTIVE_ARCH = YES;
				SDKROOT = iphoneos;
				SWIFT_ACTIVE_COMPILATION_CONDITIONS = DEBUG;
				SWIFT_OPTIMIZATION_LEVEL = "-Onone";
			};
			name = Debug;
		};
		043956A628A163EB009E1984 /* Release */ = {
			isa = XCBuildConfiguration;
			buildSettings = {
				ALWAYS_SEARCH_USER_PATHS = NO;
				CLANG_ANALYZER_NONNULL = YES;
				CLANG_ANALYZER_NUMBER_OBJECT_CONVERSION = YES_AGGRESSIVE;
				CLANG_CXX_LANGUAGE_STANDARD = "gnu++17";
				CLANG_ENABLE_MODULES = YES;
				CLANG_ENABLE_OBJC_ARC = YES;
				CLANG_ENABLE_OBJC_WEAK = YES;
				CLANG_WARN_BLOCK_CAPTURE_AUTORELEASING = YES;
				CLANG_WARN_BOOL_CONVERSION = YES;
				CLANG_WARN_COMMA = YES;
				CLANG_WARN_CONSTANT_CONVERSION = YES;
				CLANG_WARN_DEPRECATED_OBJC_IMPLEMENTATIONS = YES;
				CLANG_WARN_DIRECT_OBJC_ISA_USAGE = YES_ERROR;
				CLANG_WARN_DOCUMENTATION_COMMENTS = YES;
				CLANG_WARN_EMPTY_BODY = YES;
				CLANG_WARN_ENUM_CONVERSION = YES;
				CLANG_WARN_INFINITE_RECURSION = YES;
				CLANG_WARN_INT_CONVERSION = YES;
				CLANG_WARN_NON_LITERAL_NULL_CONVERSION = YES;
				CLANG_WARN_OBJC_IMPLICIT_RETAIN_SELF = YES;
				CLANG_WARN_OBJC_LITERAL_CONVERSION = YES;
				CLANG_WARN_OBJC_ROOT_CLASS = YES_ERROR;
				CLANG_WARN_QUOTED_INCLUDE_IN_FRAMEWORK_HEADER = YES;
				CLANG_WARN_RANGE_LOOP_ANALYSIS = YES;
				CLANG_WARN_STRICT_PROTOTYPES = YES;
				CLANG_WARN_SUSPICIOUS_MOVE = YES;
				CLANG_WARN_UNGUARDED_AVAILABILITY = YES_AGGRESSIVE;
				CLANG_WARN_UNREACHABLE_CODE = YES;
				CLANG_WARN__DUPLICATE_METHOD_MATCH = YES;
				COPY_PHASE_STRIP = NO;
				DEBUG_INFORMATION_FORMAT = "dwarf-with-dsym";
				ENABLE_NS_ASSERTIONS = NO;
				ENABLE_STRICT_OBJC_MSGSEND = YES;
				GCC_C_LANGUAGE_STANDARD = gnu11;
				GCC_NO_COMMON_BLOCKS = YES;
				GCC_WARN_64_TO_32_BIT_CONVERSION = YES;
				GCC_WARN_ABOUT_RETURN_TYPE = YES_ERROR;
				GCC_WARN_UNDECLARED_SELECTOR = YES;
				GCC_WARN_UNINITIALIZED_AUTOS = YES_AGGRESSIVE;
				GCC_WARN_UNUSED_FUNCTION = YES;
				GCC_WARN_UNUSED_VARIABLE = YES;
				IPHONEOS_DEPLOYMENT_TARGET = 15.4;
				MTL_ENABLE_DEBUG_INFO = NO;
				MTL_FAST_MATH = YES;
				SDKROOT = iphoneos;
				SWIFT_COMPILATION_MODE = wholemodule;
				SWIFT_OPTIMIZATION_LEVEL = "-O";
				VALIDATE_PRODUCT = YES;
			};
			name = Release;
		};
		043956A828A163EB009E1984 /* Debug */ = {
			isa = XCBuildConfiguration;
			buildSettings = {
				ASSETCATALOG_COMPILER_APPICON_NAME = AppIcon;
				ASSETCATALOG_COMPILER_GLOBAL_ACCENT_COLOR_NAME = AccentColor;
				CODE_SIGN_STYLE = Automatic;
				CURRENT_PROJECT_VERSION = 1;
				DEVELOPMENT_ASSET_PATHS = "\"TIL/Preview Content\"";
				DEVELOPMENT_TEAM = B4ZYGG8NV4;
				ENABLE_PREVIEWS = YES;
				GENERATE_INFOPLIST_FILE = YES;
				INFOPLIST_FILE = TIL/Info.plist;
				INFOPLIST_KEY_UIApplicationSceneManifest_Generation = YES;
				INFOPLIST_KEY_UIApplicationSupportsIndirectInputEvents = YES;
				INFOPLIST_KEY_UILaunchScreen_Generation = YES;
				INFOPLIST_KEY_UISupportedInterfaceOrientations_iPad = "UIInterfaceOrientationPortrait UIInterfaceOrientationPortraitUpsideDown UIInterfaceOrientationLandscapeLeft UIInterfaceOrientationLandscapeRight";
				INFOPLIST_KEY_UISupportedInterfaceOrientations_iPhone = "UIInterfaceOrientationPortrait UIInterfaceOrientationLandscapeLeft UIInterfaceOrientationLandscapeRight";
				LD_RUNPATH_SEARCH_PATHS = (
					"$(inherited)",
					"@executable_path/Frameworks",
				);
				MARKETING_VERSION = 1.0;
				PRODUCT_BUNDLE_IDENTIFIER = LimSeongHyeon.TIL;
				PRODUCT_NAME = "$(TARGET_NAME)";
				SWIFT_EMIT_LOC_STRINGS = YES;
				SWIFT_VERSION = 5.0;
				TARGETED_DEVICE_FAMILY = "1,2";
			};
			name = Debug;
		};
		043956A928A163EB009E1984 /* Release */ = {
			isa = XCBuildConfiguration;
			buildSettings = {
				ASSETCATALOG_COMPILER_APPICON_NAME = AppIcon;
				ASSETCATALOG_COMPILER_GLOBAL_ACCENT_COLOR_NAME = AccentColor;
				CODE_SIGN_STYLE = Automatic;
				CURRENT_PROJECT_VERSION = 1;
				DEVELOPMENT_ASSET_PATHS = "\"TIL/Preview Content\"";
				DEVELOPMENT_TEAM = B4ZYGG8NV4;
				ENABLE_PREVIEWS = YES;
				GENERATE_INFOPLIST_FILE = YES;
				INFOPLIST_FILE = TIL/Info.plist;
				INFOPLIST_KEY_UIApplicationSceneManifest_Generation = YES;
				INFOPLIST_KEY_UIApplicationSupportsIndirectInputEvents = YES;
				INFOPLIST_KEY_UILaunchScreen_Generation = YES;
				INFOPLIST_KEY_UISupportedInterfaceOrientations_iPad = "UIInterfaceOrientationPortrait UIInterfaceOrientationPortraitUpsideDown UIInterfaceOrientationLandscapeLeft UIInterfaceOrientationLandscapeRight";
				INFOPLIST_KEY_UISupportedInterfaceOrientations_iPhone = "UIInterfaceOrientationPortrait UIInterfaceOrientationLandscapeLeft UIInterfaceOrientationLandscapeRight";
				LD_RUNPATH_SEARCH_PATHS = (
					"$(inherited)",
					"@executable_path/Frameworks",
				);
				MARKETING_VERSION = 1.0;
				PRODUCT_BUNDLE_IDENTIFIER = LimSeongHyeon.TIL;
				PRODUCT_NAME = "$(TARGET_NAME)";
				SWIFT_EMIT_LOC_STRINGS = YES;
				SWIFT_VERSION = 5.0;
				TARGETED_DEVICE_FAMILY = "1,2";
			};
			name = Release;
		};
/* End XCBuildConfiguration section */

/* Begin XCConfigurationList section */
		0439569428A163E9009E1984 /* Build configuration list for PBXProject "TIL" */ = {
			isa = XCConfigurationList;
			buildConfigurations = (
				043956A528A163EB009E1984 /* Debug */,
				043956A628A163EB009E1984 /* Release */,
			);
			defaultConfigurationIsVisible = 0;
			defaultConfigurationName = Release;
		};
		043956A728A163EB009E1984 /* Build configuration list for PBXNativeTarget "TIL" */ = {
			isa = XCConfigurationList;
			buildConfigurations = (
				043956A828A163EB009E1984 /* Debug */,
				043956A928A163EB009E1984 /* Release */,
			);
			defaultConfigurationIsVisible = 0;
			defaultConfigurationName = Release;
		};
/* End XCConfigurationList section */

/* Begin XCRemoteSwiftPackageReference section */
		043956AF28A16D44009E1984 /* XCRemoteSwiftPackageReference "RichTextView" */ = {
			isa = XCRemoteSwiftPackageReference;
			repositoryURL = "https://github.com/tophat/RichTextView";
			requirement = {
				branch = master;
				kind = branch;
			};
		};
/* End XCRemoteSwiftPackageReference section */

/* Begin XCSwiftPackageProductDependency section */
		043956B028A16D44009E1984 /* RichTextView */ = {
			isa = XCSwiftPackageProductDependency;
			package = 043956AF28A16D44009E1984 /* XCRemoteSwiftPackageReference "RichTextView" */;
			productName = RichTextView;
		};
/* End XCSwiftPackageProductDependency section */
	};
	rootObject = 0439569128A163E9009E1984 /* Project object */;
}
